// !$*UTF8*$!
{
	archiveVersion = 1;
	classes = {
	};
	objectVersion = 48;
	objects = {

/* Begin PBXBuildFile section */
		C62D85B220E5C8270061E1CE /* AppDelegate.swift in Sources */ = {isa = PBXBuildFile; fileRef = C62D85B120E5C8270061E1CE /* AppDelegate.swift */; };
		C62D85B420E5C8270061E1CE /* ViewController.swift in Sources */ = {isa = PBXBuildFile; fileRef = C62D85B320E5C8270061E1CE /* ViewController.swift */; };
		C62D85B720E5C8270061E1CE /* Main.storyboard in Resources */ = {isa = PBXBuildFile; fileRef = C62D85B520E5C8270061E1CE /* Main.storyboard */; };
		C62D85B920E5C8270061E1CE /* Assets.xcassets in Resources */ = {isa = PBXBuildFile; fileRef = C62D85B820E5C8270061E1CE /* Assets.xcassets */; };
		C62D85BC20E5C8270061E1CE /* LaunchScreen.storyboard in Resources */ = {isa = PBXBuildFile; fileRef = C62D85BA20E5C8270061E1CE /* LaunchScreen.storyboard */; };
		C62D85C420E7D8D80061E1CE /* Person.swift in Sources */ = {isa = PBXBuildFile; fileRef = C62D85C320E7D8D80061E1CE /* Person.swift */; };
/* End PBXBuildFile section */

/* Begin PBXFileReference section */
		C62D85AE20E5C8270061E1CE /* SwiftProject.app */ = {isa = PBXFileReference; explicitFileType = wrapper.application; includeInIndex = 0; path = SwiftProject.app; sourceTree = BUILT_PRODUCTS_DIR; };
		C62D85B120E5C8270061E1CE /* AppDelegate.swift */ = {isa = PBXFileReference; lastKnownFileType = sourcecode.swift; path = AppDelegate.swift; sourceTree = "<group>"; };
		C62D85B320E5C8270061E1CE /* ViewController.swift */ = {isa = PBXFileReference; lastKnownFileType = sourcecode.swift; path = ViewController.swift; sourceTree = "<group>"; };
		C62D85B620E5C8270061E1CE /* Base */ = {isa = PBXFileReference; lastKnownFileType = file.storyboard; name = Base; path = Base.lproj/Main.storyboard; sourceTree = "<group>"; };
		C62D85B820E5C8270061E1CE /* Assets.xcassets */ = {isa = PBXFileReference; lastKnownFileType = folder.assetcatalog; path = Assets.xcassets; sourceTree = "<group>"; };
		C62D85BB20E5C8270061E1CE /* Base */ = {isa = PBXFileReference; lastKnownFileType = file.storyboard; name = Base; path = Base.lproj/LaunchScreen.storyboard; sourceTree = "<group>"; };
		C62D85BD20E5C8270061E1CE /* Info.plist */ = {isa = PBXFileReference; lastKnownFileType = text.plist.xml; path = Info.plist; sourceTree = "<group>"; };
		C62D85C320E7D8D80061E1CE /* Person.swift */ = {isa = PBXFileReference; lastKnownFileType = sourcecode.swift; path = Person.swift; sourceTree = "<group>"; };
/* End PBXFileReference section */

/* Begin PBXFrameworksBuildPhase section */
		C62D85AB20E5C8270061E1CE /* Frameworks */ = {
			isa = PBXFrameworksBuildPhase;
			buildActionMask = 2147483647;
			files = (
			);
			runOnlyForDeploymentPostprocessing = 0;
		};
/* End PBXFrameworksBuildPhase section */

/* Begin PBXGroup section */
		C62D85A520E5C8270061E1CE = {
			isa = PBXGroup;
			children = (
				C62D85B020E5C8270061E1CE /* SwiftProject */,
				C62D85AF20E5C8270061E1CE /* Products */,
			);
			sourceTree = "<group>";
		};
		C62D85AF20E5C8270061E1CE /* Products */ = {
			isa = PBXGroup;
			children = (
				C62D85AE20E5C8270061E1CE /* SwiftProject.app */,
			);
			name = Products;
			sourceTree = "<group>";
		};
		C62D85B020E5C8270061E1CE /* SwiftProject */ = {
			isa = PBXGroup;
			children = (
				C62D85B120E5C8270061E1CE /* AppDelegate.swift */,
				C62D85B320E5C8270061E1CE /* ViewController.swift */,
				C62D85C320E7D8D80061E1CE /* Person.swift */,
				C62D85B520E5C8270061E1CE /* Main.storyboard */,
				C62D85B820E5C8270061E1CE /* Assets.xcassets */,
				C62D85BA20E5C8270061E1CE /* LaunchScreen.storyboard */,
				C62D85BD20E5C8270061E1CE /* Info.plist */,
			);
			path = SwiftProject;
			sourceTree = "<group>";
		};
/* End PBXGroup section */

/* Begin PBXNativeTarget section */
		C62D85AD20E5C8270061E1CE /* SwiftProject */ = {
			isa = PBXNativeTarget;
			buildConfigurationList = C62D85C020E5C8270061E1CE /* Build configuration list for PBXNativeTarget "SwiftProject" */;
			buildPhases = (
				C62D85AA20E5C8270061E1CE /* Sources */,
				C62D85AB20E5C8270061E1CE /* Frameworks */,
				C62D85AC20E5C8270061E1CE /* Resources */,
			);
			buildRules = (
			);
			dependencies = (
			);
			name = SwiftProject;
			productName = SwiftProject;
			productReference = C62D85AE20E5C8270061E1CE /* SwiftProject.app */;
			productType = "com.apple.product-type.application";
		};
/* End PBXNativeTarget section */

/* Begin PBXProject section */
		C62D85A620E5C8270061E1CE /* Project object */ = {
			isa = PBXProject;
			attributes = {
				LastSwiftUpdateCheck = 0920;
				LastUpgradeCheck = 0920;
				ORGANIZATIONNAME = superMan;
				TargetAttributes = {
					C62D85AD20E5C8270061E1CE = {
						CreatedOnToolsVersion = 9.2;
						ProvisioningStyle = Automatic;
					};
				};
			};
			buildConfigurationList = C62D85A920E5C8270061E1CE /* Build configuration list for PBXProject "SwiftProject" */;
			compatibilityVersion = "Xcode 8.0";
			developmentRegion = en;
			hasScannedForEncodings = 0;
			knownRegions = (
				en,
				Base,
			);
			mainGroup = C62D85A520E5C8270061E1CE;
			productRefGroup = C62D85AF20E5C8270061E1CE /* Products */;
			projectDirPath = "";
			projectRoot = "";
			targets = (
				C62D85AD20E5C8270061E1CE /* SwiftProject */,
			);
		};
/* End PBXProject section */

/* Begin PBXResourcesBuildPhase section */
		C62D85AC20E5C8270061E1CE /* Resources */ = {
			isa = PBXResourcesBuildPhase;
			buildActionMask = 2147483647;
			files = (
				C62D85BC20E5C8270061E1CE /* LaunchScreen.storyboard in Resources */,
				C62D85B920E5C8270061E1CE /* Assets.xcassets in Resources */,
				C62D85B720E5C8270061E1CE /* Main.storyboard in Resources */,
			);
			runOnlyForDeploymentPostprocessing = 0;
		};
/* End PBXResourcesBuildPhase section */

/* Begin PBXSourcesBuildPhase section */
		C62D85AA20E5C8270061E1CE /* Sources */ = {
			isa = PBXSourcesBuildPhase;
			buildActionMask = 2147483647;
			files = (
				C62D85C420E7D8D80061E1CE /* Person.swift in Sources */,
				C62D85B420E5C8270061E1CE /* ViewController.swift in Sources */,
				C62D85B220E5C8270061E1CE /* AppDelegate.swift in Sources */,
			);
			runOnlyForDeploymentPostprocessing = 0;
		};
/* End PBXSourcesBuildPhase section */

/* Begin PBXVariantGroup section */
		C62D85B520E5C8270061E1CE /* Main.storyboard */ = {
			isa = PBXVariantGroup;
			children = (
				C62D85B620E5C8270061E1CE /* Base */,
			);
			name = Main.storyboard;
			sourceTree = "<group>";
		};
		C62D85BA20E5C8270061E1CE /* LaunchScreen.storyboard */ = {
			isa = PBXVariantGroup;
			children = (
				C62D85BB20E5C8270061E1CE /* Base */,
			);
			name = LaunchScreen.storyboard;
			sourceTree = "<group>";
		};
/* End PBXVariantGroup section */

/* Begin XCBuildConfiguration section */
		C62D85BE20E5C8270061E1CE /* Debug */ = {
			isa = XCBuildConfiguration;
			buildSettings = {
				ALWAYS_SEARCH_USER_PATHS = NO;
				CLANG_ANALYZER_NONNULL = YES;
				CLANG_ANALYZER_NUMBER_OBJECT_CONVERSION = YES_AGGRESSIVE;
				CLANG_CXX_LANGUAGE_STANDARD = "gnu++14";
				CLANG_CXX_LIBRARY = "libc++";
				CLANG_ENABLE_MODULES = YES;
				CLANG_ENABLE_OBJC_ARC = YES;
				CLANG_WARN_BLOCK_CAPTURE_AUTORELEASING = YES;
				CLANG_WARN_BOOL_CONVERSION = YES;
				CLANG_WARN_COMMA = YES;
				CLANG_WARN_CONSTANT_CONVERSION = YES;
				CLANG_WARN_DIRECT_OBJC_ISA_USAGE = YES_ERROR;
				CLANG_WARN_DOCUMENTATION_COMMENTS = YES;
				CLANG_WARN_EMPTY_BODY = YES;
				CLANG_WARN_ENUM_CONVERSION = YES;
				CLANG_WARN_INFINITE_RECURSION = YES;
				CLANG_WARN_INT_CONVERSION = YES;
				CLANG_WARN_NON_LITERAL_NULL_CONVERSION = YES;
				CLANG_WARN_OBJC_LITERAL_CONVERSION = YES;
				CLANG_WARN_OBJC_ROOT_CLASS = YES_ERROR;
				CLANG_WARN_RANGE_LOOP_ANALYSIS = YES;
				CLANG_WARN_STRICT_PROTOTYPES = YES;
				CLANG_WARN_SUSPICIOUS_MOVE = YES;
				CLANG_WARN_UNGUARDED_AVAILABILITY = YES_AGGRESSIVE;
				CLANG_WARN_UNREACHABLE_CODE = YES;
				CLANG_WARN__DUPLICATE_METHOD_MATCH = YES;
				CODE_SIGN_IDENTITY = "iPhone Developer";
				COPY_PHASE_STRIP = NO;
				DEBUG_INFORMATION_FORMAT = dwarf;
				ENABLE_STRICT_OBJC_MSGSEND = YES;
				ENABLE_TESTABILITY = YES;
				GCC_C_LANGUAGE_STANDARD = gnu11;
				GCC_DYNAMIC_NO_PIC = NO;
				GCC_NO_COMMON_BLOCKS = YES;
				GCC_OPTIMIZATION_LEVEL = 0;
				GCC_PREPROCESSOR_DEFINITIONS = (
					"DEBUG=1",
					"$(inherited)",
				);
				GCC_WARN_64_TO_32_BIT_CONVERSION = YES;
				GCC_WARN_ABOUT_RETURN_TYPE = YES_ERROR;
				GCC_WARN_UNDECLARED_SELECTOR = YES;
				GCC_WARN_UNINITIALIZED_AUTOS = YES_AGGRESSIVE;
				GCC_WARN_UNUSED_FUNCTION = YES;
				GCC_WARN_UNUSED_VARIABLE = YES;
				IPHONEOS_DEPLOYMENT_TARGET = 11.2;
				MTL_ENABLE_DEBUG_INFO = YES;
				ONLY_ACTIVE_ARCH = YES;
				SDKROOT = iphoneos;
				SWIFT_ACTIVE_COMPILATION_CONDITIONS = DEBUG;
				SWIFT_OPTIMIZATION_LEVEL = "-Onone";
			};
			name = Debug;
		};
		C62D85BF20E5C8270061E1CE /* Release */ = {
			isa = XCBuildConfiguration;
			buildSettings = {
				ALWAYS_SEARCH_USER_PATHS = NO;
				CLANG_ANALYZER_NONNULL = YES;
				CLANG_ANALYZER_NUMBER_OBJECT_CONVERSION = YES_AGGRESSIVE;
				CLANG_CXX_LANGUAGE_STANDARD = "gnu++14";
				CLANG_CXX_LIBRARY = "libc++";
				CLANG_ENABLE_MODULES = YES;
				CLANG_ENABLE_OBJC_ARC = YES;
				CLANG_WARN_BLOCK_CAPTURE_AUTORELEASING = YES;
				CLANG_WARN_BOOL_CONVERSION = YES;
				CLANG_WARN_COMMA = YES;
				CLANG_WARN_CONSTANT_CONVERSION = YES;
				CLANG_WARN_DIRECT_OBJC_ISA_USAGE = YES_ERROR;
				CLANG_WARN_DOCUMENTATION_COMMENTS = YES;
				CLANG_WARN_EMPTY_BODY = YES;
				CLANG_WARN_ENUM_CONVERSION = YES;
				CLANG_WARN_INFINITE_RECURSION = YES;
				CLANG_WARN_INT_CONVERSION = YES;
				CLANG_WARN_NON_LITERAL_NULL_CONVERSION = YES;
				CLANG_WARN_OBJC_LITERAL_CONVERSION = YES;
				CLANG_WARN_OBJC_ROOT_CLASS = YES_ERROR;
				CLANG_WARN_RANGE_LOOP_ANALYSIS = YES;
				CLANG_WARN_STRICT_PROTOTYPES = YES;
				CLANG_WARN_SUSPICIOUS_MOVE = YES;
				CLANG_WARN_UNGUARDED_AVAILABILITY = YES_AGGRESSIVE;
				CLANG_WARN_UNREACHABLE_CODE = YES;
				CLANG_WARN__DUPLICATE_METHOD_MATCH = YES;
				CODE_SIGN_IDENTITY = "iPhone Developer";
				COPY_PHASE_STRIP = NO;
				DEBUG_INFORMATION_FORMAT = "dwarf-with-dsym";
				ENABLE_NS_ASSERTIONS = NO;
				ENABLE_STRICT_OBJC_MSGSEND = YES;
				GCC_C_LANGUAGE_STANDARD = gnu11;
				GCC_NO_COMMON_BLOCKS = YES;
				GCC_WARN_64_TO_32_BIT_CONVERSION = YES;
				GCC_WARN_ABOUT_RETURN_TYPE = YES_ERROR;
				GCC_WARN_UNDECLARED_SELECTOR = YES;
				GCC_WARN_UNINITIALIZED_AUTOS = YES_AGGRESSIVE;
				GCC_WARN_UNUSED_FUNCTION = YES;
				GCC_WARN_UNUSED_VARIABLE = YES;
				IPHONEOS_DEPLOYMENT_TARGET = 11.2;
				MTL_ENABLE_DEBUG_INFO = NO;
				SDKROOT = iphoneos;
				SWIFT_OPTIMIZATION_LEVEL = "-Owholemodule";
				VALIDATE_PRODUCT = YES;
			};
			name = Release;
		};
		C62D85C120E5C8270061E1CE /* Debug */ = {
			isa = XCBuildConfiguration;
			buildSettings = {
				ASSETCATALOG_COMPILER_APPICON_NAME = AppIcon;
				CODE_SIGN_STYLE = Automatic;
				INFOPLIST_FILE = SwiftProject/Info.plist;
				LD_RUNPATH_SEARCH_PATHS = "$(inherited) @executable_path/Frameworks";
				PRODUCT_BUNDLE_IDENTIFIER = com.cui.www.SwiftProject;
				PRODUCT_NAME = "$(TARGET_NAME)";
				SWIFT_VERSION = 4.0;
				TARGETED_DEVICE_FAMILY = "1,2";
			};
			name = Debug;
		};
		C62D85C220E5C8270061E1CE /* Release */ = {
			isa = XCBuildConfiguration;
			buildSettings = {
				ASSETCATALOG_COMPILER_APPICON_NAME = AppIcon;
				CODE_SIGN_STYLE = Automatic;
				INFOPLIST_FILE = SwiftProject/Info.plist;
				LD_RUNPATH_SEARCH_PATHS = "$(inherited) @executable_path/Frameworks";
				PRODUCT_BUNDLE_IDENTIFIER = com.cui.www.SwiftProject;
				PRODUCT_NAME = "$(TARGET_NAME)";
				SWIFT_VERSION = 4.0;
				TARGETED_DEVICE_FAMILY = "1,2";
			};
			name = Release;
		};
/* End XCBuildConfiguration section */

/* Begin XCConfigurationList section */
		C62D85A920E5C8270061E1CE /* Build configuration list for PBXProject "SwiftProject" */ = {
			isa = XCConfigurationList;
			buildConfigurations = (
				C62D85BE20E5C8270061E1CE /* Debug */,
				C62D85BF20E5C8270061E1CE /* Release */,
			);
			defaultConfigurationIsVisible = 0;
			defaultConfigurationName = Release;
		};
		C62D85C020E5C8270061E1CE /* Build configuration list for PBXNativeTarget "SwiftProject" */ = {
			isa = XCConfigurationList;
			buildConfigurations = (
				C62D85C120E5C8270061E1CE /* Debug */,
				C62D85C220E5C8270061E1CE /* Release */,
			);
			defaultConfigurationIsVisible = 0;
			defaultConfigurationName = Release;
		};
/* End XCConfigurationList section */
	};
	rootObject = C62D85A620E5C8270061E1CE /* Project object */;
}
