// !$*UTF8*$!
{
	archiveVersion = 1;
	classes = {
	};
	objectVersion = 48;
	objects = {

/* Begin PBXBuildFile section */
		6644279FFD7448D150D52C60 /* Pods_SwiftProject.framework in Frameworks */ = {isa = PBXBuildFile; fileRef = 1AFB2A8591932A8FFBAF78EC /* Pods_SwiftProject.framework */; };
		C6236A6D20EF120500DAFF7E /* SUPStatus.swift in Sources */ = {isa = PBXBuildFile; fileRef = C6236A6C20EF120500DAFF7E /* SUPStatus.swift */; };
		C6236A6F20EF124300DAFF7E /* SUPUser.swift in Sources */ = {isa = PBXBuildFile; fileRef = C6236A6E20EF124300DAFF7E /* SUPUser.swift */; };
		C6236A7120EF1FA600DAFF7E /* Foundation+Log.swift in Sources */ = {isa = PBXBuildFile; fileRef = C6236A7020EF1FA600DAFF7E /* Foundation+Log.swift */; };
		C6236A7320EF6C7D00DAFF7E /* knowledge.swift in Sources */ = {isa = PBXBuildFile; fileRef = C6236A7220EF6C7D00DAFF7E /* knowledge.swift */; };
		C6236A7720EF714800DAFF7E /* UIView+Extension.swift in Sources */ = {isa = PBXBuildFile; fileRef = C6236A7520EF714700DAFF7E /* UIView+Extension.swift */; };
		C6236A7820EF714800DAFF7E /* UIBarButtonItem+Extension.swift in Sources */ = {isa = PBXBuildFile; fileRef = C6236A7620EF714700DAFF7E /* UIBarButtonItem+Extension.swift */; };
		C6236A7A20EF715500DAFF7E /* UILabel+Extension.swift in Sources */ = {isa = PBXBuildFile; fileRef = C6236A7920EF715500DAFF7E /* UILabel+Extension.swift */; };
		C6236A7D20EF749900DAFF7E /* SUPStatusTableViewCell.swift in Sources */ = {isa = PBXBuildFile; fileRef = C6236A7C20EF749900DAFF7E /* SUPStatusTableViewCell.swift */; };
		C6236A7F20EF75A900DAFF7E /* SUPStatusListViewModel.swift in Sources */ = {isa = PBXBuildFile; fileRef = C6236A7E20EF75A900DAFF7E /* SUPStatusListViewModel.swift */; };
		C6236A8120EF75C500DAFF7E /* SUPStatusViewModel.swift in Sources */ = {isa = PBXBuildFile; fileRef = C6236A8020EF75C400DAFF7E /* SUPStatusViewModel.swift */; };
		C6236A8320EF79AC00DAFF7E /* SUPStatusOriginView.swift in Sources */ = {isa = PBXBuildFile; fileRef = C6236A8220EF79AC00DAFF7E /* SUPStatusOriginView.swift */; };
		C6236A8520EF7B2B00DAFF7E /* SUPStatusToolBar.swift in Sources */ = {isa = PBXBuildFile; fileRef = C6236A8420EF7B2B00DAFF7E /* SUPStatusToolBar.swift */; };
		C6236A8720EF7B5400DAFF7E /* SUPStatusRetweetView.swift in Sources */ = {isa = PBXBuildFile; fileRef = C6236A8620EF7B5400DAFF7E /* SUPStatusRetweetView.swift */; };
		C6236A8920F0DDE200DAFF7E /* String+Extension.swift in Sources */ = {isa = PBXBuildFile; fileRef = C6236A8820F0DDE200DAFF7E /* String+Extension.swift */; };
		C6236A8B20F0E87D00DAFF7E /* SUPStatusPictureInfo.swift in Sources */ = {isa = PBXBuildFile; fileRef = C6236A8A20F0E87D00DAFF7E /* SUPStatusPictureInfo.swift */; };
		C6236A8D20F0EB6E00DAFF7E /* SUPStatusPictureView.swift in Sources */ = {isa = PBXBuildFile; fileRef = C6236A8C20F0EB6E00DAFF7E /* SUPStatusPictureView.swift */; };
		C62D85B220E5C8270061E1CE /* AppDelegate.swift in Sources */ = {isa = PBXBuildFile; fileRef = C62D85B120E5C8270061E1CE /* AppDelegate.swift */; };
		C62D85B420E5C8270061E1CE /* ViewController.swift in Sources */ = {isa = PBXBuildFile; fileRef = C62D85B320E5C8270061E1CE /* ViewController.swift */; };
		C62D85B720E5C8270061E1CE /* Main.storyboard in Resources */ = {isa = PBXBuildFile; fileRef = C62D85B520E5C8270061E1CE /* Main.storyboard */; };
		C62D85B920E5C8270061E1CE /* Assets.xcassets in Resources */ = {isa = PBXBuildFile; fileRef = C62D85B820E5C8270061E1CE /* Assets.xcassets */; };
		C62D85BC20E5C8270061E1CE /* LaunchScreen.storyboard in Resources */ = {isa = PBXBuildFile; fileRef = C62D85BA20E5C8270061E1CE /* LaunchScreen.storyboard */; };
		C63347FB20F5D88D00ABD874 /* NSDate+Extension.swift in Sources */ = {isa = PBXBuildFile; fileRef = C63347FA20F5D88D00ABD874 /* NSDate+Extension.swift */; };
		C66A7AFA20E9FE6800576362 /* SUPMainViewController.swift in Sources */ = {isa = PBXBuildFile; fileRef = C66A7AF920E9FE6800576362 /* SUPMainViewController.swift */; };
		C66A7AFC20E9FEF400576362 /* SUPHomeViewController.swift in Sources */ = {isa = PBXBuildFile; fileRef = C66A7AFB20E9FEF400576362 /* SUPHomeViewController.swift */; };
		C66A7AFE20E9FF0800576362 /* SUPMessageViewController.swift in Sources */ = {isa = PBXBuildFile; fileRef = C66A7AFD20E9FF0800576362 /* SUPMessageViewController.swift */; };
		C66A7B0020E9FF2700576362 /* SUPDiscoverViewController.swift in Sources */ = {isa = PBXBuildFile; fileRef = C66A7AFF20E9FF2700576362 /* SUPDiscoverViewController.swift */; };
		C66A7B0220E9FF4900576362 /* SUPProfileViewController.swift in Sources */ = {isa = PBXBuildFile; fileRef = C66A7B0120E9FF4900576362 /* SUPProfileViewController.swift */; };
		C66A7B0420EA0D9200576362 /* SUPTabBar.swift in Sources */ = {isa = PBXBuildFile; fileRef = C66A7B0320EA0D9200576362 /* SUPTabBar.swift */; };
		C66B97A820F7290F00BD37B5 /* SUPComposeViewController.swift in Sources */ = {isa = PBXBuildFile; fileRef = C66B97A720F7290F00BD37B5 /* SUPComposeViewController.swift */; };
		C66B97AA20F72B8F00BD37B5 /* SUPComposeTextView.swift in Sources */ = {isa = PBXBuildFile; fileRef = C66B97A920F72B8F00BD37B5 /* SUPComposeTextView.swift */; };
		C66B97AC20F72BE300BD37B5 /* SUPComposeToolBar.swift in Sources */ = {isa = PBXBuildFile; fileRef = C66B97AB20F72BE300BD37B5 /* SUPComposeToolBar.swift */; };
		C66B97AE20F72C5100BD37B5 /* SUPComposePictureView.swift in Sources */ = {isa = PBXBuildFile; fileRef = C66B97AD20F72C5100BD37B5 /* SUPComposePictureView.swift */; };
		C66B97B320F8971300BD37B5 /* UIImage+Extension.swift in Sources */ = {isa = PBXBuildFile; fileRef = C66B97B220F8971300BD37B5 /* UIImage+Extension.swift */; };
		C66B97B620F8982E00BD37B5 /* SUPEmoticonKeyBoard.swift in Sources */ = {isa = PBXBuildFile; fileRef = C66B97B520F8982E00BD37B5 /* SUPEmoticonKeyBoard.swift */; };
		C66B97B820F898DB00BD37B5 /* SUPEmoticonToolBar.swift in Sources */ = {isa = PBXBuildFile; fileRef = C66B97B720F898DB00BD37B5 /* SUPEmoticonToolBar.swift */; };
		C66B97BA20F8994000BD37B5 /* SUPEmoticonCollectionViewCell.swift in Sources */ = {isa = PBXBuildFile; fileRef = C66B97B920F8994000BD37B5 /* SUPEmoticonCollectionViewCell.swift */; };
		C6A3AB2220EB0DBA00557BEA /* SUPVisitorViewControlle.swift in Sources */ = {isa = PBXBuildFile; fileRef = C6A3AB2120EB0DBA00557BEA /* SUPVisitorViewControlle.swift */; };
		C6A3AB2520EB0EEF00557BEA /* SUPVisitorView.swift in Sources */ = {isa = PBXBuildFile; fileRef = C6A3AB2420EB0EEF00557BEA /* SUPVisitorView.swift */; };
		C6A3AB2C20EB7BC100557BEA /* SUPOAuthViewController.swift in Sources */ = {isa = PBXBuildFile; fileRef = C6A3AB2B20EB7BC100557BEA /* SUPOAuthViewController.swift */; };
		C6A3AB2E20EB975C00557BEA /* SUPNetworkTools.swift in Sources */ = {isa = PBXBuildFile; fileRef = C6A3AB2D20EB975C00557BEA /* SUPNetworkTools.swift */; };
		C6A3AB3020EBA34000557BEA /* SUPUserAccount.swift in Sources */ = {isa = PBXBuildFile; fileRef = C6A3AB2F20EBA34000557BEA /* SUPUserAccount.swift */; };
		C6A3AB4520EDF59A00557BEA /* SUPUserAccountViewModel.swift in Sources */ = {isa = PBXBuildFile; fileRef = C6A3AB4420EDF59A00557BEA /* SUPUserAccountViewModel.swift */; };
		C6A3AB4A20EE06AA00557BEA /* CommonTools.swift in Sources */ = {isa = PBXBuildFile; fileRef = C6A3AB4920EE06AA00557BEA /* CommonTools.swift */; };
		C6A3AB4D20EE0DDE00557BEA /* SUPWelComeViewController.swift in Sources */ = {isa = PBXBuildFile; fileRef = C6A3AB4C20EE0DDE00557BEA /* SUPWelComeViewController.swift */; };
/* End PBXBuildFile section */

/* Begin PBXFileReference section */
		1AFB2A8591932A8FFBAF78EC /* Pods_SwiftProject.framework */ = {isa = PBXFileReference; explicitFileType = wrapper.framework; includeInIndex = 0; path = Pods_SwiftProject.framework; sourceTree = BUILT_PRODUCTS_DIR; };
		3B813AF56041329227F356D7 /* Pods-SwiftProject.release.xcconfig */ = {isa = PBXFileReference; includeInIndex = 1; lastKnownFileType = text.xcconfig; name = "Pods-SwiftProject.release.xcconfig"; path = "Pods/Target Support Files/Pods-SwiftProject/Pods-SwiftProject.release.xcconfig"; sourceTree = "<group>"; };
		5AD1CCF40B92D456882089F1 /* Pods-SwiftProject.debug.xcconfig */ = {isa = PBXFileReference; includeInIndex = 1; lastKnownFileType = text.xcconfig; name = "Pods-SwiftProject.debug.xcconfig"; path = "Pods/Target Support Files/Pods-SwiftProject/Pods-SwiftProject.debug.xcconfig"; sourceTree = "<group>"; };
		C6236A6C20EF120500DAFF7E /* SUPStatus.swift */ = {isa = PBXFileReference; lastKnownFileType = sourcecode.swift; path = SUPStatus.swift; sourceTree = "<group>"; };
		C6236A6E20EF124300DAFF7E /* SUPUser.swift */ = {isa = PBXFileReference; lastKnownFileType = sourcecode.swift; path = SUPUser.swift; sourceTree = "<group>"; };
		C6236A7020EF1FA600DAFF7E /* Foundation+Log.swift */ = {isa = PBXFileReference; lastKnownFileType = sourcecode.swift; path = "Foundation+Log.swift"; sourceTree = "<group>"; };
		C6236A7220EF6C7D00DAFF7E /* knowledge.swift */ = {isa = PBXFileReference; lastKnownFileType = sourcecode.swift; path = knowledge.swift; sourceTree = "<group>"; };
		C6236A7520EF714700DAFF7E /* UIView+Extension.swift */ = {isa = PBXFileReference; fileEncoding = 4; lastKnownFileType = sourcecode.swift; path = "UIView+Extension.swift"; sourceTree = "<group>"; };
		C6236A7620EF714700DAFF7E /* UIBarButtonItem+Extension.swift */ = {isa = PBXFileReference; fileEncoding = 4; lastKnownFileType = sourcecode.swift; path = "UIBarButtonItem+Extension.swift"; sourceTree = "<group>"; };
		C6236A7920EF715500DAFF7E /* UILabel+Extension.swift */ = {isa = PBXFileReference; lastKnownFileType = sourcecode.swift; path = "UILabel+Extension.swift"; sourceTree = "<group>"; };
		C6236A7C20EF749900DAFF7E /* SUPStatusTableViewCell.swift */ = {isa = PBXFileReference; lastKnownFileType = sourcecode.swift; path = SUPStatusTableViewCell.swift; sourceTree = "<group>"; };
		C6236A7E20EF75A900DAFF7E /* SUPStatusListViewModel.swift */ = {isa = PBXFileReference; lastKnownFileType = sourcecode.swift; path = SUPStatusListViewModel.swift; sourceTree = "<group>"; };
		C6236A8020EF75C400DAFF7E /* SUPStatusViewModel.swift */ = {isa = PBXFileReference; lastKnownFileType = sourcecode.swift; path = SUPStatusViewModel.swift; sourceTree = "<group>"; };
		C6236A8220EF79AC00DAFF7E /* SUPStatusOriginView.swift */ = {isa = PBXFileReference; lastKnownFileType = sourcecode.swift; path = SUPStatusOriginView.swift; sourceTree = "<group>"; };
		C6236A8420EF7B2B00DAFF7E /* SUPStatusToolBar.swift */ = {isa = PBXFileReference; lastKnownFileType = sourcecode.swift; path = SUPStatusToolBar.swift; sourceTree = "<group>"; };
		C6236A8620EF7B5400DAFF7E /* SUPStatusRetweetView.swift */ = {isa = PBXFileReference; lastKnownFileType = sourcecode.swift; path = SUPStatusRetweetView.swift; sourceTree = "<group>"; };
		C6236A8820F0DDE200DAFF7E /* String+Extension.swift */ = {isa = PBXFileReference; lastKnownFileType = sourcecode.swift; path = "String+Extension.swift"; sourceTree = "<group>"; };
		C6236A8A20F0E87D00DAFF7E /* SUPStatusPictureInfo.swift */ = {isa = PBXFileReference; lastKnownFileType = sourcecode.swift; path = SUPStatusPictureInfo.swift; sourceTree = "<group>"; };
		C6236A8C20F0EB6E00DAFF7E /* SUPStatusPictureView.swift */ = {isa = PBXFileReference; lastKnownFileType = sourcecode.swift; path = SUPStatusPictureView.swift; sourceTree = "<group>"; };
		C62D85AE20E5C8270061E1CE /* SwiftProject.app */ = {isa = PBXFileReference; explicitFileType = wrapper.application; includeInIndex = 0; path = SwiftProject.app; sourceTree = BUILT_PRODUCTS_DIR; };
		C62D85B120E5C8270061E1CE /* AppDelegate.swift */ = {isa = PBXFileReference; lastKnownFileType = sourcecode.swift; path = AppDelegate.swift; sourceTree = "<group>"; };
		C62D85B320E5C8270061E1CE /* ViewController.swift */ = {isa = PBXFileReference; lastKnownFileType = sourcecode.swift; path = ViewController.swift; sourceTree = "<group>"; };
		C62D85B620E5C8270061E1CE /* Base */ = {isa = PBXFileReference; lastKnownFileType = file.storyboard; name = Base; path = Base.lproj/Main.storyboard; sourceTree = "<group>"; };
		C62D85B820E5C8270061E1CE /* Assets.xcassets */ = {isa = PBXFileReference; lastKnownFileType = folder.assetcatalog; path = Assets.xcassets; sourceTree = "<group>"; };
		C62D85BB20E5C8270061E1CE /* Base */ = {isa = PBXFileReference; lastKnownFileType = file.storyboard; name = Base; path = Base.lproj/LaunchScreen.storyboard; sourceTree = "<group>"; };
		C62D85BD20E5C8270061E1CE /* Info.plist */ = {isa = PBXFileReference; lastKnownFileType = text.plist.xml; path = Info.plist; sourceTree = "<group>"; };
		C63347FA20F5D88D00ABD874 /* NSDate+Extension.swift */ = {isa = PBXFileReference; lastKnownFileType = sourcecode.swift; path = "NSDate+Extension.swift"; sourceTree = "<group>"; };
		C66A7AF920E9FE6800576362 /* SUPMainViewController.swift */ = {isa = PBXFileReference; lastKnownFileType = sourcecode.swift; path = SUPMainViewController.swift; sourceTree = "<group>"; };
		C66A7AFB20E9FEF400576362 /* SUPHomeViewController.swift */ = {isa = PBXFileReference; lastKnownFileType = sourcecode.swift; path = SUPHomeViewController.swift; sourceTree = "<group>"; };
		C66A7AFD20E9FF0800576362 /* SUPMessageViewController.swift */ = {isa = PBXFileReference; lastKnownFileType = sourcecode.swift; path = SUPMessageViewController.swift; sourceTree = "<group>"; };
		C66A7AFF20E9FF2700576362 /* SUPDiscoverViewController.swift */ = {isa = PBXFileReference; lastKnownFileType = sourcecode.swift; path = SUPDiscoverViewController.swift; sourceTree = "<group>"; };
		C66A7B0120E9FF4900576362 /* SUPProfileViewController.swift */ = {isa = PBXFileReference; lastKnownFileType = sourcecode.swift; path = SUPProfileViewController.swift; sourceTree = "<group>"; };
		C66A7B0320EA0D9200576362 /* SUPTabBar.swift */ = {isa = PBXFileReference; lastKnownFileType = sourcecode.swift; path = SUPTabBar.swift; sourceTree = "<group>"; };
		C66B97A720F7290F00BD37B5 /* SUPComposeViewController.swift */ = {isa = PBXFileReference; lastKnownFileType = sourcecode.swift; path = SUPComposeViewController.swift; sourceTree = "<group>"; };
		C66B97A920F72B8F00BD37B5 /* SUPComposeTextView.swift */ = {isa = PBXFileReference; lastKnownFileType = sourcecode.swift; path = SUPComposeTextView.swift; sourceTree = "<group>"; };
		C66B97AB20F72BE300BD37B5 /* SUPComposeToolBar.swift */ = {isa = PBXFileReference; lastKnownFileType = sourcecode.swift; path = SUPComposeToolBar.swift; sourceTree = "<group>"; };
		C66B97AD20F72C5100BD37B5 /* SUPComposePictureView.swift */ = {isa = PBXFileReference; lastKnownFileType = sourcecode.swift; path = SUPComposePictureView.swift; sourceTree = "<group>"; };
		C66B97B220F8971300BD37B5 /* UIImage+Extension.swift */ = {isa = PBXFileReference; lastKnownFileType = sourcecode.swift; path = "UIImage+Extension.swift"; sourceTree = "<group>"; };
		C66B97B520F8982E00BD37B5 /* SUPEmoticonKeyBoard.swift */ = {isa = PBXFileReference; lastKnownFileType = sourcecode.swift; path = SUPEmoticonKeyBoard.swift; sourceTree = "<group>"; };
		C66B97B720F898DB00BD37B5 /* SUPEmoticonToolBar.swift */ = {isa = PBXFileReference; lastKnownFileType = sourcecode.swift; path = SUPEmoticonToolBar.swift; sourceTree = "<group>"; };
		C66B97B920F8994000BD37B5 /* SUPEmoticonCollectionViewCell.swift */ = {isa = PBXFileReference; lastKnownFileType = sourcecode.swift; path = SUPEmoticonCollectionViewCell.swift; sourceTree = "<group>"; };
		C6A3AB2120EB0DBA00557BEA /* SUPVisitorViewControlle.swift */ = {isa = PBXFileReference; lastKnownFileType = sourcecode.swift; path = SUPVisitorViewControlle.swift; sourceTree = "<group>"; };
		C6A3AB2420EB0EEF00557BEA /* SUPVisitorView.swift */ = {isa = PBXFileReference; lastKnownFileType = sourcecode.swift; path = SUPVisitorView.swift; sourceTree = "<group>"; };
		C6A3AB2B20EB7BC100557BEA /* SUPOAuthViewController.swift */ = {isa = PBXFileReference; lastKnownFileType = sourcecode.swift; path = SUPOAuthViewController.swift; sourceTree = "<group>"; };
		C6A3AB2D20EB975C00557BEA /* SUPNetworkTools.swift */ = {isa = PBXFileReference; lastKnownFileType = sourcecode.swift; path = SUPNetworkTools.swift; sourceTree = "<group>"; };
		C6A3AB2F20EBA34000557BEA /* SUPUserAccount.swift */ = {isa = PBXFileReference; lastKnownFileType = sourcecode.swift; path = SUPUserAccount.swift; sourceTree = "<group>"; };
		C6A3AB4420EDF59A00557BEA /* SUPUserAccountViewModel.swift */ = {isa = PBXFileReference; lastKnownFileType = sourcecode.swift; path = SUPUserAccountViewModel.swift; sourceTree = "<group>"; };
		C6A3AB4920EE06AA00557BEA /* CommonTools.swift */ = {isa = PBXFileReference; lastKnownFileType = sourcecode.swift; path = CommonTools.swift; sourceTree = "<group>"; };
		C6A3AB4C20EE0DDE00557BEA /* SUPWelComeViewController.swift */ = {isa = PBXFileReference; lastKnownFileType = sourcecode.swift; path = SUPWelComeViewController.swift; sourceTree = "<group>"; };
/* End PBXFileReference section */

/* Begin PBXFrameworksBuildPhase section */
		C62D85AB20E5C8270061E1CE /* Frameworks */ = {
			isa = PBXFrameworksBuildPhase;
			buildActionMask = 2147483647;
			files = (
				6644279FFD7448D150D52C60 /* Pods_SwiftProject.framework in Frameworks */,
			);
			runOnlyForDeploymentPostprocessing = 0;
		};
/* End PBXFrameworksBuildPhase section */

/* Begin PBXGroup section */
		47E286730655D63E9044B937 /* Pods */ = {
			isa = PBXGroup;
			children = (
				5AD1CCF40B92D456882089F1 /* Pods-SwiftProject.debug.xcconfig */,
				3B813AF56041329227F356D7 /* Pods-SwiftProject.release.xcconfig */,
			);
			name = Pods;
			sourceTree = "<group>";
		};
		6285D04811124BA580B37D2E /* Frameworks */ = {
			isa = PBXGroup;
			children = (
				1AFB2A8591932A8FFBAF78EC /* Pods_SwiftProject.framework */,
			);
			name = Frameworks;
			sourceTree = "<group>";
		};
		C6236A7420EF714700DAFF7E /* Extension */ = {
			isa = PBXGroup;
			children = (
				C6236A7520EF714700DAFF7E /* UIView+Extension.swift */,
				C6236A7620EF714700DAFF7E /* UIBarButtonItem+Extension.swift */,
				C6236A7920EF715500DAFF7E /* UILabel+Extension.swift */,
				C6236A8820F0DDE200DAFF7E /* String+Extension.swift */,
				C63347FA20F5D88D00ABD874 /* NSDate+Extension.swift */,
				C66B97B220F8971300BD37B5 /* UIImage+Extension.swift */,
			);
			path = Extension;
			sourceTree = "<group>";
		};
		C6236A7B20EF742100DAFF7E /* view */ = {
			isa = PBXGroup;
			children = (
				C6236A7C20EF749900DAFF7E /* SUPStatusTableViewCell.swift */,
				C6236A8220EF79AC00DAFF7E /* SUPStatusOriginView.swift */,
				C6236A8420EF7B2B00DAFF7E /* SUPStatusToolBar.swift */,
				C6236A8620EF7B5400DAFF7E /* SUPStatusRetweetView.swift */,
				C6236A8C20F0EB6E00DAFF7E /* SUPStatusPictureView.swift */,
			);
			path = view;
			sourceTree = "<group>";
		};
		C62D85A520E5C8270061E1CE = {
			isa = PBXGroup;
			children = (
				C62D85B020E5C8270061E1CE /* SwiftProject */,
				C62D85AF20E5C8270061E1CE /* Products */,
				47E286730655D63E9044B937 /* Pods */,
				6285D04811124BA580B37D2E /* Frameworks */,
			);
			sourceTree = "<group>";
		};
		C62D85AF20E5C8270061E1CE /* Products */ = {
			isa = PBXGroup;
			children = (
				C62D85AE20E5C8270061E1CE /* SwiftProject.app */,
			);
			name = Products;
			sourceTree = "<group>";
		};
		C62D85B020E5C8270061E1CE /* SwiftProject */ = {
			isa = PBXGroup;
			children = (
				C66A7AEF20E9FCDA00576362 /* Classes */,
				C62D85B120E5C8270061E1CE /* AppDelegate.swift */,
				C62D85B320E5C8270061E1CE /* ViewController.swift */,
				C62D85B520E5C8270061E1CE /* Main.storyboard */,
				C62D85B820E5C8270061E1CE /* Assets.xcassets */,
				C62D85BA20E5C8270061E1CE /* LaunchScreen.storyboard */,
				C62D85BD20E5C8270061E1CE /* Info.plist */,
			);
			path = SwiftProject;
			sourceTree = "<group>";
		};
		C66A7AEF20E9FCDA00576362 /* Classes */ = {
			isa = PBXGroup;
			children = (
				C66A7AF120E9FCDA00576362 /* Tools */,
				C66A7AF020E9FCDA00576362 /* ViewModels */,
				C66A7AF220E9FCDA00576362 /* Models */,
				C66A7AF320E9FCDA00576362 /* Views */,
			);
			path = Classes;
			sourceTree = "<group>";
		};
		C66A7AF020E9FCDA00576362 /* ViewModels */ = {
			isa = PBXGroup;
			children = (
				C6A3AB4420EDF59A00557BEA /* SUPUserAccountViewModel.swift */,
				C6236A7E20EF75A900DAFF7E /* SUPStatusListViewModel.swift */,
				C6236A8020EF75C400DAFF7E /* SUPStatusViewModel.swift */,
			);
			path = ViewModels;
			sourceTree = "<group>";
		};
		C66A7AF120E9FCDA00576362 /* Tools */ = {
			isa = PBXGroup;
			children = (
				C6236A7420EF714700DAFF7E /* Extension */,
				C6A3AB2D20EB975C00557BEA /* SUPNetworkTools.swift */,
				C6A3AB4920EE06AA00557BEA /* CommonTools.swift */,
				C6236A7020EF1FA600DAFF7E /* Foundation+Log.swift */,
				C6236A7220EF6C7D00DAFF7E /* knowledge.swift */,
			);
			path = Tools;
			sourceTree = "<group>";
		};
		C66A7AF220E9FCDA00576362 /* Models */ = {
			isa = PBXGroup;
			children = (
				C6A3AB2F20EBA34000557BEA /* SUPUserAccount.swift */,
				C6236A6C20EF120500DAFF7E /* SUPStatus.swift */,
				C6236A6E20EF124300DAFF7E /* SUPUser.swift */,
				C6236A8A20F0E87D00DAFF7E /* SUPStatusPictureInfo.swift */,
			);
			path = Models;
			sourceTree = "<group>";
		};
		C66A7AF320E9FCDA00576362 /* Views */ = {
			isa = PBXGroup;
			children = (
				C66B97A520F728B600BD37B5 /* Compose */,
				C6A3AB4B20EE0DBC00557BEA /* Welcome */,
				C6A3AB2A20EB797000557BEA /* OAuth */,
				C66A7AF420E9FCDA00576362 /* Home */,
				C66A7AF520E9FCDA00576362 /* Discover */,
				C66A7AF620E9FCDA00576362 /* Message */,
				C66A7AF720E9FCDA00576362 /* Profile */,
				C66A7AF820E9FCDA00576362 /* Main */,
			);
			path = Views;
			sourceTree = "<group>";
		};
		C66A7AF420E9FCDA00576362 /* Home */ = {
			isa = PBXGroup;
			children = (
				C6236A7B20EF742100DAFF7E /* view */,
				C66A7AFB20E9FEF400576362 /* SUPHomeViewController.swift */,
			);
			path = Home;
			sourceTree = "<group>";
		};
		C66A7AF520E9FCDA00576362 /* Discover */ = {
			isa = PBXGroup;
			children = (
				C66A7AFF20E9FF2700576362 /* SUPDiscoverViewController.swift */,
			);
			path = Discover;
			sourceTree = "<group>";
		};
		C66A7AF620E9FCDA00576362 /* Message */ = {
			isa = PBXGroup;
			children = (
				C66A7AFD20E9FF0800576362 /* SUPMessageViewController.swift */,
			);
			path = Message;
			sourceTree = "<group>";
		};
		C66A7AF720E9FCDA00576362 /* Profile */ = {
			isa = PBXGroup;
			children = (
				C66A7B0120E9FF4900576362 /* SUPProfileViewController.swift */,
			);
			path = Profile;
			sourceTree = "<group>";
		};
		C66A7AF820E9FCDA00576362 /* Main */ = {
			isa = PBXGroup;
			children = (
				C6A3AB2320EB0ED500557BEA /* View */,
				C66A7AF920E9FE6800576362 /* SUPMainViewController.swift */,
				C6A3AB2120EB0DBA00557BEA /* SUPVisitorViewControlle.swift */,
			);
			path = Main;
			sourceTree = "<group>";
		};
		C66B97A520F728B600BD37B5 /* Compose */ = {
			isa = PBXGroup;
			children = (
				C66B97A620F728ED00BD37B5 /* View */,
				C66B97A720F7290F00BD37B5 /* SUPComposeViewController.swift */,
			);
			path = Compose;
			sourceTree = "<group>";
		};
		C66B97A620F728ED00BD37B5 /* View */ = {
			isa = PBXGroup;
			children = (
				C66B97B420F8980E00BD37B5 /* EmoticonKeyBoard */,
				C66B97A920F72B8F00BD37B5 /* SUPComposeTextView.swift */,
				C66B97AB20F72BE300BD37B5 /* SUPComposeToolBar.swift */,
				C66B97AD20F72C5100BD37B5 /* SUPComposePictureView.swift */,
			);
			path = View;
			sourceTree = "<group>";
		};
		C66B97B420F8980E00BD37B5 /* EmoticonKeyBoard */ = {
			isa = PBXGroup;
			children = (
				C66B97B520F8982E00BD37B5 /* SUPEmoticonKeyBoard.swift */,
				C66B97B720F898DB00BD37B5 /* SUPEmoticonToolBar.swift */,
				C66B97B920F8994000BD37B5 /* SUPEmoticonCollectionViewCell.swift */,
			);
			path = EmoticonKeyBoard;
			sourceTree = "<group>";
		};
		C6A3AB2320EB0ED500557BEA /* View */ = {
			isa = PBXGroup;
			children = (
				C66A7B0320EA0D9200576362 /* SUPTabBar.swift */,
				C6A3AB2420EB0EEF00557BEA /* SUPVisitorView.swift */,
			);
			path = View;
			sourceTree = "<group>";
		};
		C6A3AB2A20EB797000557BEA /* OAuth */ = {
			isa = PBXGroup;
			children = (
				C6A3AB2B20EB7BC100557BEA /* SUPOAuthViewController.swift */,
			);
			path = OAuth;
			sourceTree = "<group>";
		};
		C6A3AB4B20EE0DBC00557BEA /* Welcome */ = {
			isa = PBXGroup;
			children = (
				C6A3AB4C20EE0DDE00557BEA /* SUPWelComeViewController.swift */,
			);
			path = Welcome;
			sourceTree = "<group>";
		};
/* End PBXGroup section */

/* Begin PBXNativeTarget section */
		C62D85AD20E5C8270061E1CE /* SwiftProject */ = {
			isa = PBXNativeTarget;
			buildConfigurationList = C62D85C020E5C8270061E1CE /* Build configuration list for PBXNativeTarget "SwiftProject" */;
			buildPhases = (
				68E20A3E48DF7FCD423BC14F /* [CP] Check Pods Manifest.lock */,
				C62D85AA20E5C8270061E1CE /* Sources */,
				C62D85AB20E5C8270061E1CE /* Frameworks */,
				C62D85AC20E5C8270061E1CE /* Resources */,
				1B127DB2BC4F757721847E44 /* [CP] Embed Pods Frameworks */,
				0515EC1202C7480446A0E9D4 /* [CP] Copy Pods Resources */,
			);
			buildRules = (
			);
			dependencies = (
			);
			name = SwiftProject;
			productName = SwiftProject;
			productReference = C62D85AE20E5C8270061E1CE /* SwiftProject.app */;
			productType = "com.apple.product-type.application";
		};
/* End PBXNativeTarget section */

/* Begin PBXProject section */
		C62D85A620E5C8270061E1CE /* Project object */ = {
			isa = PBXProject;
			attributes = {
				CLASSPREFIX = SUP;
				LastSwiftUpdateCheck = 0920;
				LastUpgradeCheck = 0920;
				ORGANIZATIONNAME = superMan;
				TargetAttributes = {
					C62D85AD20E5C8270061E1CE = {
						CreatedOnToolsVersion = 9.2;
						ProvisioningStyle = Automatic;
					};
				};
			};
			buildConfigurationList = C62D85A920E5C8270061E1CE /* Build configuration list for PBXProject "SwiftProject" */;
			compatibilityVersion = "Xcode 8.0";
			developmentRegion = en;
			hasScannedForEncodings = 0;
			knownRegions = (
				en,
				Base,
			);
			mainGroup = C62D85A520E5C8270061E1CE;
			productRefGroup = C62D85AF20E5C8270061E1CE /* Products */;
			projectDirPath = "";
			projectRoot = "";
			targets = (
				C62D85AD20E5C8270061E1CE /* SwiftProject */,
			);
		};
/* End PBXProject section */

/* Begin PBXResourcesBuildPhase section */
		C62D85AC20E5C8270061E1CE /* Resources */ = {
			isa = PBXResourcesBuildPhase;
			buildActionMask = 2147483647;
			files = (
				C62D85BC20E5C8270061E1CE /* LaunchScreen.storyboard in Resources */,
				C62D85B920E5C8270061E1CE /* Assets.xcassets in Resources */,
				C62D85B720E5C8270061E1CE /* Main.storyboard in Resources */,
			);
			runOnlyForDeploymentPostprocessing = 0;
		};
/* End PBXResourcesBuildPhase section */

/* Begin PBXShellScriptBuildPhase section */
		0515EC1202C7480446A0E9D4 /* [CP] Copy Pods Resources */ = {
			isa = PBXShellScriptBuildPhase;
			buildActionMask = 2147483647;
			files = (
			);
			inputPaths = (
			);
			name = "[CP] Copy Pods Resources";
			outputPaths = (
			);
			runOnlyForDeploymentPostprocessing = 0;
			shellPath = /bin/sh;
			shellScript = "\"${SRCROOT}/Pods/Target Support Files/Pods-SwiftProject/Pods-SwiftProject-resources.sh\"\n";
			showEnvVarsInLog = 0;
		};
		1B127DB2BC4F757721847E44 /* [CP] Embed Pods Frameworks */ = {
			isa = PBXShellScriptBuildPhase;
			buildActionMask = 2147483647;
			files = (
			);
			inputPaths = (
				"${SRCROOT}/Pods/Target Support Files/Pods-SwiftProject/Pods-SwiftProject-frameworks.sh",
				"${BUILT_PRODUCTS_DIR}/AFNetworking/AFNetworking.framework",
				"${BUILT_PRODUCTS_DIR}/MJRefresh/MJRefresh.framework",
				"${BUILT_PRODUCTS_DIR}/SDWebImage/SDWebImage.framework",
				"${BUILT_PRODUCTS_DIR}/SVProgressHUD/SVProgressHUD.framework",
				"${BUILT_PRODUCTS_DIR}/SnapKit/SnapKit.framework",
			);
			name = "[CP] Embed Pods Frameworks";
			outputPaths = (
				"${TARGET_BUILD_DIR}/${FRAMEWORKS_FOLDER_PATH}/AFNetworking.framework",
				"${TARGET_BUILD_DIR}/${FRAMEWORKS_FOLDER_PATH}/MJRefresh.framework",
				"${TARGET_BUILD_DIR}/${FRAMEWORKS_FOLDER_PATH}/SDWebImage.framework",
				"${TARGET_BUILD_DIR}/${FRAMEWORKS_FOLDER_PATH}/SVProgressHUD.framework",
				"${TARGET_BUILD_DIR}/${FRAMEWORKS_FOLDER_PATH}/SnapKit.framework",
			);
			runOnlyForDeploymentPostprocessing = 0;
			shellPath = /bin/sh;
			shellScript = "\"${SRCROOT}/Pods/Target Support Files/Pods-SwiftProject/Pods-SwiftProject-frameworks.sh\"\n";
			showEnvVarsInLog = 0;
		};
		68E20A3E48DF7FCD423BC14F /* [CP] Check Pods Manifest.lock */ = {
			isa = PBXShellScriptBuildPhase;
			buildActionMask = 2147483647;
			files = (
			);
			inputPaths = (
				"${PODS_PODFILE_DIR_PATH}/Podfile.lock",
				"${PODS_ROOT}/Manifest.lock",
			);
			name = "[CP] Check Pods Manifest.lock";
			outputPaths = (
				"$(DERIVED_FILE_DIR)/Pods-SwiftProject-checkManifestLockResult.txt",
			);
			runOnlyForDeploymentPostprocessing = 0;
			shellPath = /bin/sh;
			shellScript = "diff \"${PODS_PODFILE_DIR_PATH}/Podfile.lock\" \"${PODS_ROOT}/Manifest.lock\" > /dev/null\nif [ $? != 0 ] ; then\n    # print error to STDERR\n    echo \"error: The sandbox is not in sync with the Podfile.lock. Run 'pod install' or update your CocoaPods installation.\" >&2\n    exit 1\nfi\n# This output is used by Xcode 'outputs' to avoid re-running this script phase.\necho \"SUCCESS\" > \"${SCRIPT_OUTPUT_FILE_0}\"\n";
			showEnvVarsInLog = 0;
		};
/* End PBXShellScriptBuildPhase section */

/* Begin PBXSourcesBuildPhase section */
		C62D85AA20E5C8270061E1CE /* Sources */ = {
			isa = PBXSourcesBuildPhase;
			buildActionMask = 2147483647;
			files = (
				C66B97AE20F72C5100BD37B5 /* SUPComposePictureView.swift in Sources */,
				C66A7B0220E9FF4900576362 /* SUPProfileViewController.swift in Sources */,
				C6236A8B20F0E87D00DAFF7E /* SUPStatusPictureInfo.swift in Sources */,
				C6A3AB2E20EB975C00557BEA /* SUPNetworkTools.swift in Sources */,
				C62D85B420E5C8270061E1CE /* ViewController.swift in Sources */,
				C6236A7A20EF715500DAFF7E /* UILabel+Extension.swift in Sources */,
				C6A3AB4A20EE06AA00557BEA /* CommonTools.swift in Sources */,
				C63347FB20F5D88D00ABD874 /* NSDate+Extension.swift in Sources */,
				C6236A8120EF75C500DAFF7E /* SUPStatusViewModel.swift in Sources */,
				C66B97A820F7290F00BD37B5 /* SUPComposeViewController.swift in Sources */,
				C66A7B0020E9FF2700576362 /* SUPDiscoverViewController.swift in Sources */,
				C6236A8D20F0EB6E00DAFF7E /* SUPStatusPictureView.swift in Sources */,
				C66B97AC20F72BE300BD37B5 /* SUPComposeToolBar.swift in Sources */,
				C6A3AB2220EB0DBA00557BEA /* SUPVisitorViewControlle.swift in Sources */,
				C66B97BA20F8994000BD37B5 /* SUPEmoticonCollectionViewCell.swift in Sources */,
				C6236A7F20EF75A900DAFF7E /* SUPStatusListViewModel.swift in Sources */,
				C6236A8720EF7B5400DAFF7E /* SUPStatusRetweetView.swift in Sources */,
				C6236A7320EF6C7D00DAFF7E /* knowledge.swift in Sources */,
				C6A3AB4D20EE0DDE00557BEA /* SUPWelComeViewController.swift in Sources */,
				C66A7AFA20E9FE6800576362 /* SUPMainViewController.swift in Sources */,
				C6A3AB4520EDF59A00557BEA /* SUPUserAccountViewModel.swift in Sources */,
				C66B97B820F898DB00BD37B5 /* SUPEmoticonToolBar.swift in Sources */,
				C6A3AB2C20EB7BC100557BEA /* SUPOAuthViewController.swift in Sources */,
				C62D85B220E5C8270061E1CE /* AppDelegate.swift in Sources */,
				C66B97B620F8982E00BD37B5 /* SUPEmoticonKeyBoard.swift in Sources */,
				C6236A7120EF1FA600DAFF7E /* Foundation+Log.swift in Sources */,
				C6236A7D20EF749900DAFF7E /* SUPStatusTableViewCell.swift in Sources */,
				C6A3AB3020EBA34000557BEA /* SUPUserAccount.swift in Sources */,
				C6236A6D20EF120500DAFF7E /* SUPStatus.swift in Sources */,
				C6236A7720EF714800DAFF7E /* UIView+Extension.swift in Sources */,
				C6236A7820EF714800DAFF7E /* UIBarButtonItem+Extension.swift in Sources */,
				C6236A6F20EF124300DAFF7E /* SUPUser.swift in Sources */,
				C66A7AFC20E9FEF400576362 /* SUPHomeViewController.swift in Sources */,
				C66B97AA20F72B8F00BD37B5 /* SUPComposeTextView.swift in Sources */,
				C6236A8320EF79AC00DAFF7E /* SUPStatusOriginView.swift in Sources */,
				C6236A8520EF7B2B00DAFF7E /* SUPStatusToolBar.swift in Sources */,
				C66A7B0420EA0D9200576362 /* SUPTabBar.swift in Sources */,
				C6A3AB2520EB0EEF00557BEA /* SUPVisitorView.swift in Sources */,
				C66B97B320F8971300BD37B5 /* UIImage+Extension.swift in Sources */,
				C6236A8920F0DDE200DAFF7E /* String+Extension.swift in Sources */,
				C66A7AFE20E9FF0800576362 /* SUPMessageViewController.swift in Sources */,
			);
			runOnlyForDeploymentPostprocessing = 0;
		};
/* End PBXSourcesBuildPhase section */

/* Begin PBXVariantGroup section */
		C62D85B520E5C8270061E1CE /* Main.storyboard */ = {
			isa = PBXVariantGroup;
			children = (
				C62D85B620E5C8270061E1CE /* Base */,
			);
			name = Main.storyboard;
			sourceTree = "<group>";
		};
		C62D85BA20E5C8270061E1CE /* LaunchScreen.storyboard */ = {
			isa = PBXVariantGroup;
			children = (
				C62D85BB20E5C8270061E1CE /* Base */,
			);
			name = LaunchScreen.storyboard;
			sourceTree = "<group>";
		};
/* End PBXVariantGroup section */

/* Begin XCBuildConfiguration section */
		C62D85BE20E5C8270061E1CE /* Debug */ = {
			isa = XCBuildConfiguration;
			buildSettings = {
				ALWAYS_SEARCH_USER_PATHS = NO;
				CLANG_ANALYZER_NONNULL = YES;
				CLANG_ANALYZER_NUMBER_OBJECT_CONVERSION = YES_AGGRESSIVE;
				CLANG_CXX_LANGUAGE_STANDARD = "gnu++14";
				CLANG_CXX_LIBRARY = "libc++";
				CLANG_ENABLE_MODULES = YES;
				CLANG_ENABLE_OBJC_ARC = YES;
				CLANG_WARN_BLOCK_CAPTURE_AUTORELEASING = YES;
				CLANG_WARN_BOOL_CONVERSION = YES;
				CLANG_WARN_COMMA = YES;
				CLANG_WARN_CONSTANT_CONVERSION = YES;
				CLANG_WARN_DIRECT_OBJC_ISA_USAGE = YES_ERROR;
				CLANG_WARN_DOCUMENTATION_COMMENTS = YES;
				CLANG_WARN_EMPTY_BODY = YES;
				CLANG_WARN_ENUM_CONVERSION = YES;
				CLANG_WARN_INFINITE_RECURSION = YES;
				CLANG_WARN_INT_CONVERSION = YES;
				CLANG_WARN_NON_LITERAL_NULL_CONVERSION = YES;
				CLANG_WARN_OBJC_LITERAL_CONVERSION = YES;
				CLANG_WARN_OBJC_ROOT_CLASS = YES_ERROR;
				CLANG_WARN_RANGE_LOOP_ANALYSIS = YES;
				CLANG_WARN_STRICT_PROTOTYPES = YES;
				CLANG_WARN_SUSPICIOUS_MOVE = YES;
				CLANG_WARN_UNGUARDED_AVAILABILITY = YES_AGGRESSIVE;
				CLANG_WARN_UNREACHABLE_CODE = YES;
				CLANG_WARN__DUPLICATE_METHOD_MATCH = YES;
				CODE_SIGN_IDENTITY = "iPhone Developer";
				COPY_PHASE_STRIP = NO;
				DEBUG_INFORMATION_FORMAT = dwarf;
				ENABLE_STRICT_OBJC_MSGSEND = YES;
				ENABLE_TESTABILITY = YES;
				GCC_C_LANGUAGE_STANDARD = gnu11;
				GCC_DYNAMIC_NO_PIC = NO;
				GCC_NO_COMMON_BLOCKS = YES;
				GCC_OPTIMIZATION_LEVEL = 0;
				GCC_PREPROCESSOR_DEFINITIONS = (
					"DEBUG=1",
					"$(inherited)",
				);
				GCC_WARN_64_TO_32_BIT_CONVERSION = YES;
				GCC_WARN_ABOUT_RETURN_TYPE = YES_ERROR;
				GCC_WARN_UNDECLARED_SELECTOR = YES;
				GCC_WARN_UNINITIALIZED_AUTOS = YES_AGGRESSIVE;
				GCC_WARN_UNUSED_FUNCTION = YES;
				GCC_WARN_UNUSED_VARIABLE = YES;
				IPHONEOS_DEPLOYMENT_TARGET = 11.2;
				MTL_ENABLE_DEBUG_INFO = YES;
				ONLY_ACTIVE_ARCH = YES;
				SDKROOT = iphoneos;
				SWIFT_ACTIVE_COMPILATION_CONDITIONS = DEBUG;
				SWIFT_OPTIMIZATION_LEVEL = "-Onone";
			};
			name = Debug;
		};
		C62D85BF20E5C8270061E1CE /* Release */ = {
			isa = XCBuildConfiguration;
			buildSettings = {
				ALWAYS_SEARCH_USER_PATHS = NO;
				CLANG_ANALYZER_NONNULL = YES;
				CLANG_ANALYZER_NUMBER_OBJECT_CONVERSION = YES_AGGRESSIVE;
				CLANG_CXX_LANGUAGE_STANDARD = "gnu++14";
				CLANG_CXX_LIBRARY = "libc++";
				CLANG_ENABLE_MODULES = YES;
				CLANG_ENABLE_OBJC_ARC = YES;
				CLANG_WARN_BLOCK_CAPTURE_AUTORELEASING = YES;
				CLANG_WARN_BOOL_CONVERSION = YES;
				CLANG_WARN_COMMA = YES;
				CLANG_WARN_CONSTANT_CONVERSION = YES;
				CLANG_WARN_DIRECT_OBJC_ISA_USAGE = YES_ERROR;
				CLANG_WARN_DOCUMENTATION_COMMENTS = YES;
				CLANG_WARN_EMPTY_BODY = YES;
				CLANG_WARN_ENUM_CONVERSION = YES;
				CLANG_WARN_INFINITE_RECURSION = YES;
				CLANG_WARN_INT_CONVERSION = YES;
				CLANG_WARN_NON_LITERAL_NULL_CONVERSION = YES;
				CLANG_WARN_OBJC_LITERAL_CONVERSION = YES;
				CLANG_WARN_OBJC_ROOT_CLASS = YES_ERROR;
				CLANG_WARN_RANGE_LOOP_ANALYSIS = YES;
				CLANG_WARN_STRICT_PROTOTYPES = YES;
				CLANG_WARN_SUSPICIOUS_MOVE = YES;
				CLANG_WARN_UNGUARDED_AVAILABILITY = YES_AGGRESSIVE;
				CLANG_WARN_UNREACHABLE_CODE = YES;
				CLANG_WARN__DUPLICATE_METHOD_MATCH = YES;
				CODE_SIGN_IDENTITY = "iPhone Developer";
				COPY_PHASE_STRIP = NO;
				DEBUG_INFORMATION_FORMAT = "dwarf-with-dsym";
				ENABLE_NS_ASSERTIONS = NO;
				ENABLE_STRICT_OBJC_MSGSEND = YES;
				GCC_C_LANGUAGE_STANDARD = gnu11;
				GCC_NO_COMMON_BLOCKS = YES;
				GCC_WARN_64_TO_32_BIT_CONVERSION = YES;
				GCC_WARN_ABOUT_RETURN_TYPE = YES_ERROR;
				GCC_WARN_UNDECLARED_SELECTOR = YES;
				GCC_WARN_UNINITIALIZED_AUTOS = YES_AGGRESSIVE;
				GCC_WARN_UNUSED_FUNCTION = YES;
				GCC_WARN_UNUSED_VARIABLE = YES;
				IPHONEOS_DEPLOYMENT_TARGET = 11.2;
				MTL_ENABLE_DEBUG_INFO = NO;
				SDKROOT = iphoneos;
				SWIFT_OPTIMIZATION_LEVEL = "-Owholemodule";
				VALIDATE_PRODUCT = YES;
			};
			name = Release;
		};
		C62D85C120E5C8270061E1CE /* Debug */ = {
			isa = XCBuildConfiguration;
			baseConfigurationReference = 5AD1CCF40B92D456882089F1 /* Pods-SwiftProject.debug.xcconfig */;
			buildSettings = {
				ASSETCATALOG_COMPILER_APPICON_NAME = AppIcon;
				ASSETCATALOG_COMPILER_LAUNCHIMAGE_NAME = LaunchImage;
				CODE_SIGN_STYLE = Automatic;
				DEVELOPMENT_TEAM = 9WM5WM4GZ3;
				INFOPLIST_FILE = SwiftProject/Info.plist;
				IPHONEOS_DEPLOYMENT_TARGET = 9.0;
				LD_RUNPATH_SEARCH_PATHS = "$(inherited) @executable_path/Frameworks";
				PRODUCT_BUNDLE_IDENTIFIER = com.cui.www.SwiftProject;
				PRODUCT_NAME = "$(TARGET_NAME)";
				SWIFT_VERSION = 4.0;
				TARGETED_DEVICE_FAMILY = "1,2";
			};
			name = Debug;
		};
		C62D85C220E5C8270061E1CE /* Release */ = {
			isa = XCBuildConfiguration;
			baseConfigurationReference = 3B813AF56041329227F356D7 /* Pods-SwiftProject.release.xcconfig */;
			buildSettings = {
				ASSETCATALOG_COMPILER_APPICON_NAME = AppIcon;
				ASSETCATALOG_COMPILER_LAUNCHIMAGE_NAME = LaunchImage;
				CODE_SIGN_STYLE = Automatic;
				DEVELOPMENT_TEAM = 9WM5WM4GZ3;
				INFOPLIST_FILE = SwiftProject/Info.plist;
				IPHONEOS_DEPLOYMENT_TARGET = 9.0;
				LD_RUNPATH_SEARCH_PATHS = "$(inherited) @executable_path/Frameworks";
				PRODUCT_BUNDLE_IDENTIFIER = com.cui.www.SwiftProject;
				PRODUCT_NAME = "$(TARGET_NAME)";
				SWIFT_VERSION = 4.0;
				TARGETED_DEVICE_FAMILY = "1,2";
			};
			name = Release;
		};
/* End XCBuildConfiguration section */

/* Begin XCConfigurationList section */
		C62D85A920E5C8270061E1CE /* Build configuration list for PBXProject "SwiftProject" */ = {
			isa = XCConfigurationList;
			buildConfigurations = (
				C62D85BE20E5C8270061E1CE /* Debug */,
				C62D85BF20E5C8270061E1CE /* Release */,
			);
			defaultConfigurationIsVisible = 0;
			defaultConfigurationName = Release;
		};
		C62D85C020E5C8270061E1CE /* Build configuration list for PBXNativeTarget "SwiftProject" */ = {
			isa = XCConfigurationList;
			buildConfigurations = (
				C62D85C120E5C8270061E1CE /* Debug */,
				C62D85C220E5C8270061E1CE /* Release */,
			);
			defaultConfigurationIsVisible = 0;
			defaultConfigurationName = Release;
		};
/* End XCConfigurationList section */
	};
	rootObject = C62D85A620E5C8270061E1CE /* Project object */;
}
